
Microsoft Visual Studio Solution File, Format Version 12.00
# Visual Studio 14
VisualStudioVersion = 14.0.25123.0
MinimumVisualStudioVersion = 10.0.40219.1
Project("{FAE04EC0-301F-11D3-BF4B-00C04F79EFBC}") = "SimplyPasswordWin10", "SimplyPasswordWin10\SimplyPasswordWin10.csproj", "{E812B7D2-F991-4212-911B-638C5C3A4779}"
EndProject
Project("{FAE04EC0-301F-11D3-BF4B-00C04F79EFBC}") = "PasswordService", "PasswordService\PasswordService.csproj", "{2A6D0FE4-8FB9-457A-9D55-1A0953EA7236}"
EndProject
Project("{FAE04EC0-301F-11D3-BF4B-00C04F79EFBC}") = "SimplyPasswordWin10Shared", "SimplyPasswordWin10Shared\SimplyPasswordWin10Shared.csproj", "{E29393FD-7F6C-4669-9435-0C920C94AC01}"
EndProject
Global
	GlobalSection(SolutionConfigurationPlatforms) = preSolution
		Debug|Any CPU = Debug|Any CPU
		Debug|ARM = Debug|ARM
		Debug|x64 = Debug|x64
		Debug|x86 = Debug|x86
		Release|Any CPU = Release|Any CPU
		Release|ARM = Release|ARM
		Release|x64 = Release|x64
		Release|x86 = Release|x86
	EndGlobalSection
	GlobalSection(ProjectConfigurationPlatforms) = postSolution
		{E812B7D2-F991-4212-911B-638C5C3A4779}.Debug|Any CPU.ActiveCfg = Debug|x86
		{E812B7D2-F991-4212-911B-638C5C3A4779}.Debug|ARM.ActiveCfg = Debug|ARM
		{E812B7D2-F991-4212-911B-638C5C3A4779}.Debug|ARM.Build.0 = Debug|ARM
		{E812B7D2-F991-4212-911B-638C5C3A4779}.Debug|ARM.Deploy.0 = Debug|ARM
		{E812B7D2-F991-4212-911B-638C5C3A4779}.Debug|x64.ActiveCfg = Debug|x64
		{E812B7D2-F991-4212-911B-638C5C3A4779}.Debug|x64.Build.0 = Debug|x64
		{E812B7D2-F991-4212-911B-638C5C3A4779}.Debug|x64.Deploy.0 = Debug|x64
		{E812B7D2-F991-4212-911B-638C5C3A4779}.Debug|x86.ActiveCfg = Debug|x86
		{E812B7D2-F991-4212-911B-638C5C3A4779}.Debug|x86.Build.0 = Debug|x86
		{E812B7D2-F991-4212-911B-638C5C3A4779}.Debug|x86.Deploy.0 = Debug|x86
		{E812B7D2-F991-4212-911B-638C5C3A4779}.Release|Any CPU.ActiveCfg = Release|x86
		{E812B7D2-F991-4212-911B-638C5C3A4779}.Release|ARM.ActiveCfg = Release|ARM
		{E812B7D2-F991-4212-911B-638C5C3A4779}.Release|ARM.Build.0 = Release|ARM
		{E812B7D2-F991-4212-911B-638C5C3A4779}.Release|ARM.Deploy.0 = Release|ARM
		{E812B7D2-F991-4212-911B-638C5C3A4779}.Release|x64.ActiveCfg = Release|x64
		{E812B7D2-F991-4212-911B-638C5C3A4779}.Release|x64.Build.0 = Release|x64
		{E812B7D2-F991-4212-911B-638C5C3A4779}.Release|x64.Deploy.0 = Release|x64
		{E812B7D2-F991-4212-911B-638C5C3A4779}.Release|x86.ActiveCfg = Release|x86
		{E812B7D2-F991-4212-911B-638C5C3A4779}.Release|x86.Build.0 = Release|x86
		{E812B7D2-F991-4212-911B-638C5C3A4779}.Release|x86.Deploy.0 = Release|x86
		{2A6D0FE4-8FB9-457A-9D55-1A0953EA7236}.Debug|Any CPU.ActiveCfg = Debug|Any CPU
		{2A6D0FE4-8FB9-457A-9D55-1A0953EA7236}.Debug|Any CPU.Build.0 = Debug|Any CPU
		{2A6D0FE4-8FB9-457A-9D55-1A0953EA7236}.Debug|ARM.ActiveCfg = Debug|ARM
		{2A6D0FE4-8FB9-457A-9D55-1A0953EA7236}.Debug|ARM.Build.0 = Debug|ARM
		{2A6D0FE4-8FB9-457A-9D55-1A0953EA7236}.Debug|x64.ActiveCfg = Debug|x64
		{2A6D0FE4-8FB9-457A-9D55-1A0953EA7236}.Debug|x64.Build.0 = Debug|x64
		{2A6D0FE4-8FB9-457A-9D55-1A0953EA7236}.Debug|x86.ActiveCfg = Debug|x86
		{2A6D0FE4-8FB9-457A-9D55-1A0953EA7236}.Debug|x86.Build.0 = Debug|x86
		{2A6D0FE4-8FB9-457A-9D55-1A0953EA7236}.Release|Any CPU.ActiveCfg = Release|Any CPU
		{2A6D0FE4-8FB9-457A-9D55-1A0953EA7236}.Release|Any CPU.Build.0 = Release|Any CPU
		{2A6D0FE4-8FB9-457A-9D55-1A0953EA7236}.Release|ARM.ActiveCfg = Release|ARM
		{2A6D0FE4-8FB9-457A-9D55-1A0953EA7236}.Release|ARM.Build.0 = Release|ARM
		{2A6D0FE4-8FB9-457A-9D55-1A0953EA7236}.Release|x64.ActiveCfg = Release|x64
		{2A6D0FE4-8FB9-457A-9D55-1A0953EA7236}.Release|x64.Build.0 = Release|x64
		{2A6D0FE4-8FB9-457A-9D55-1A0953EA7236}.Release|x86.ActiveCfg = Release|x86
		{2A6D0FE4-8FB9-457A-9D55-1A0953EA7236}.Release|x86.Build.0 = Release|x86
		{E29393FD-7F6C-4669-9435-0C920C94AC01}.Debug|Any CPU.ActiveCfg = Debug|Any CPU
		{E29393FD-7F6C-4669-9435-0C920C94AC01}.Debug|Any CPU.Build.0 = Debug|Any CPU
		{E29393FD-7F6C-4669-9435-0C920C94AC01}.Debug|ARM.ActiveCfg = Debug|ARM
		{E29393FD-7F6C-4669-9435-0C920C94AC01}.Debug|ARM.Build.0 = Debug|ARM
		{E29393FD-7F6C-4669-9435-0C920C94AC01}.Debug|x64.ActiveCfg = Debug|x64
		{E29393FD-7F6C-4669-9435-0C920C94AC01}.Debug|x64.Build.0 = Debug|x64
		{E29393FD-7F6C-4669-9435-0C920C94AC01}.Debug|x86.ActiveCfg = Debug|x86
		{E29393FD-7F6C-4669-9435-0C920C94AC01}.Debug|x86.Build.0 = Debug|x86
		{E29393FD-7F6C-4669-9435-0C920C94AC01}.Release|Any CPU.ActiveCfg = Release|Any CPU
		{E29393FD-7F6C-4669-9435-0C920C94AC01}.Release|Any CPU.Build.0 = Release|Any CPU
		{E29393FD-7F6C-4669-9435-0C920C94AC01}.Release|ARM.ActiveCfg = Release|ARM
		{E29393FD-7F6C-4669-9435-0C920C94AC01}.Release|ARM.Build.0 = Release|ARM
		{E29393FD-7F6C-4669-9435-0C920C94AC01}.Release|x64.ActiveCfg = Release|x64
		{E29393FD-7F6C-4669-9435-0C920C94AC01}.Release|x64.Build.0 = Release|x64
		{E29393FD-7F6C-4669-9435-0C920C94AC01}.Release|x86.ActiveCfg = Release|x86
		{E29393FD-7F6C-4669-9435-0C920C94AC01}.Release|x86.Build.0 = Release|x86
	EndGlobalSection
	GlobalSection(SolutionProperties) = preSolution
		HideSolutionNode = FALSE
	EndGlobalSection
	GlobalSection(TeamFoundationVersionControl) = preSolution
		SccNumberOfProjects = 4
		SccLocalPath0 = .
		SccProjectUniqueName1 = SimplyPasswordWin10\\SimplyPasswordWin10.csproj
		SccProjectName1 = SimplyPasswordWin10
		SccLocalPath1 = SimplyPasswordWin10
		SccProjectUniqueName2 = PasswordService\\PasswordService.csproj
		SccProjectName2 = PasswordService
		SccLocalPath2 = PasswordService
		SccProjectUniqueName3 = SimplyPasswordWin10Shared\\SimplyPasswordWin10Shared.csproj
		SccProjectName3 = SimplyPasswordWin10Shared
		SccLocalPath3 = SimplyPasswordWin10Shared
	EndGlobalSection
EndGlobal
